// !$*UTF8*$!
{
	archiveVersion = 1;
	classes = {
	};
	objectVersion = 46;
	objects = {

/* Begin PBXBuildFile section */
		266DA0221A68BB8F00E4DD89 /* main.m in Sources */ = {isa = PBXBuildFile; fileRef = 266DA0211A68BB8F00E4DD89 /* main.m */; };
		266DA0251A68BB8F00E4DD89 /* AppDelegate.m in Sources */ = {isa = PBXBuildFile; fileRef = 266DA0241A68BB8F00E4DD89 /* AppDelegate.m */; };
		266DA02B1A68BB8F00E4DD89 /* Main.storyboard in Resources */ = {isa = PBXBuildFile; fileRef = 266DA0291A68BB8F00E4DD89 /* Main.storyboard */; };
		266DA02D1A68BB8F00E4DD89 /* Images.xcassets in Resources */ = {isa = PBXBuildFile; fileRef = 266DA02C1A68BB8F00E4DD89 /* Images.xcassets */; };
		266DA0301A68BB8F00E4DD89 /* LaunchScreen.xib in Resources */ = {isa = PBXBuildFile; fileRef = 266DA02E1A68BB8F00E4DD89 /* LaunchScreen.xib */; };
		266DA03C1A68BB8F00E4DD89 /* ASDK_DemoTests.m in Sources */ = {isa = PBXBuildFile; fileRef = 266DA03B1A68BB8F00E4DD89 /* ASDK_DemoTests.m */; };
		266DA0471A68D48600E4DD89 /* MainTableViewController.m in Sources */ = {isa = PBXBuildFile; fileRef = 266DA0461A68D48600E4DD89 /* MainTableViewController.m */; };
		266DA0501A68DA3B00E4DD89 /* UITableViewViewController.m in Sources */ = {isa = PBXBuildFile; fileRef = 266DA04F1A68DA3B00E4DD89 /* UITableViewViewController.m */; };
		266DA0531A68DA4D00E4DD89 /* ASTableViewViewController.m in Sources */ = {isa = PBXBuildFile; fileRef = 266DA0521A68DA4D00E4DD89 /* ASTableViewViewController.m */; };
		269369CC1A77E231009880A9 /* MurrayNode.m in Sources */ = {isa = PBXBuildFile; fileRef = 269369CB1A77E231009880A9 /* MurrayNode.m */; };
		269369CF1A7803E9009880A9 /* MurrayCell.m in Sources */ = {isa = PBXBuildFile; fileRef = 269369CE1A7803E9009880A9 /* MurrayCell.m */; };
		E74C7ED0C0F16A32C7986209 /* libPods.a in Frameworks */ = {isa = PBXBuildFile; fileRef = 79F858505EC67CC9C98F94A9 /* libPods.a */; };
/* End PBXBuildFile section */

/* Begin PBXContainerItemProxy section */
		266DA0361A68BB8F00E4DD89 /* PBXContainerItemProxy */ = {
			isa = PBXContainerItemProxy;
			containerPortal = 266DA0141A68BB8E00E4DD89 /* Project object */;
			proxyType = 1;
			remoteGlobalIDString = 266DA01B1A68BB8E00E4DD89;
			remoteInfo = "ASDK Demo";
		};
/* End PBXContainerItemProxy section */

/* Begin PBXFileReference section */
		0DCA701AE939F6E94FBBD30B /* Pods.debug.xcconfig */ = {isa = PBXFileReference; includeInIndex = 1; lastKnownFileType = text.xcconfig; name = Pods.debug.xcconfig; path = "Pods/Target Support Files/Pods/Pods.debug.xcconfig"; sourceTree = "<group>"; };
		266DA01C1A68BB8F00E4DD89 /* ASDK Demo.app */ = {isa = PBXFileReference; explicitFileType = wrapper.application; includeInIndex = 0; path = "ASDK Demo.app"; sourceTree = BUILT_PRODUCTS_DIR; };
		266DA0201A68BB8F00E4DD89 /* Info.plist */ = {isa = PBXFileReference; lastKnownFileType = text.plist.xml; path = Info.plist; sourceTree = "<group>"; };
		266DA0211A68BB8F00E4DD89 /* main.m */ = {isa = PBXFileReference; lastKnownFileType = sourcecode.c.objc; path = main.m; sourceTree = "<group>"; };
		266DA0231A68BB8F00E4DD89 /* AppDelegate.h */ = {isa = PBXFileReference; lastKnownFileType = sourcecode.c.h; path = AppDelegate.h; sourceTree = "<group>"; };
		266DA0241A68BB8F00E4DD89 /* AppDelegate.m */ = {isa = PBXFileReference; lastKnownFileType = sourcecode.c.objc; path = AppDelegate.m; sourceTree = "<group>"; };
		266DA02A1A68BB8F00E4DD89 /* Base */ = {isa = PBXFileReference; lastKnownFileType = file.storyboard; name = Base; path = Base.lproj/Main.storyboard; sourceTree = "<group>"; };
		266DA02C1A68BB8F00E4DD89 /* Images.xcassets */ = {isa = PBXFileReference; lastKnownFileType = folder.assetcatalog; path = Images.xcassets; sourceTree = "<group>"; };
		266DA02F1A68BB8F00E4DD89 /* Base */ = {isa = PBXFileReference; lastKnownFileType = file.xib; name = Base; path = Base.lproj/LaunchScreen.xib; sourceTree = "<group>"; };
		266DA0351A68BB8F00E4DD89 /* ASDK DemoTests.xctest */ = {isa = PBXFileReference; explicitFileType = wrapper.cfbundle; includeInIndex = 0; path = "ASDK DemoTests.xctest"; sourceTree = BUILT_PRODUCTS_DIR; };
		266DA03A1A68BB8F00E4DD89 /* Info.plist */ = {isa = PBXFileReference; lastKnownFileType = text.plist.xml; path = Info.plist; sourceTree = "<group>"; };
		266DA03B1A68BB8F00E4DD89 /* ASDK_DemoTests.m */ = {isa = PBXFileReference; lastKnownFileType = sourcecode.c.objc; path = ASDK_DemoTests.m; sourceTree = "<group>"; };
		266DA0451A68D48600E4DD89 /* MainTableViewController.h */ = {isa = PBXFileReference; fileEncoding = 4; lastKnownFileType = sourcecode.c.h; path = MainTableViewController.h; sourceTree = "<group>"; };
		266DA0461A68D48600E4DD89 /* MainTableViewController.m */ = {isa = PBXFileReference; fileEncoding = 4; lastKnownFileType = sourcecode.c.objc; path = MainTableViewController.m; sourceTree = "<group>"; };
		266DA04E1A68DA3B00E4DD89 /* UITableViewViewController.h */ = {isa = PBXFileReference; fileEncoding = 4; lastKnownFileType = sourcecode.c.h; path = UITableViewViewController.h; sourceTree = "<group>"; };
		266DA04F1A68DA3B00E4DD89 /* UITableViewViewController.m */ = {isa = PBXFileReference; fileEncoding = 4; lastKnownFileType = sourcecode.c.objc; path = UITableViewViewController.m; sourceTree = "<group>"; };
		266DA0511A68DA4D00E4DD89 /* ASTableViewViewController.h */ = {isa = PBXFileReference; fileEncoding = 4; lastKnownFileType = sourcecode.c.h; path = ASTableViewViewController.h; sourceTree = "<group>"; };
		266DA0521A68DA4D00E4DD89 /* ASTableViewViewController.m */ = {isa = PBXFileReference; fileEncoding = 4; lastKnownFileType = sourcecode.c.objc; path = ASTableViewViewController.m; sourceTree = "<group>"; };
		269369CA1A77E231009880A9 /* MurrayNode.h */ = {isa = PBXFileReference; fileEncoding = 4; lastKnownFileType = sourcecode.c.h; path = MurrayNode.h; sourceTree = "<group>"; };
		269369CB1A77E231009880A9 /* MurrayNode.m */ = {isa = PBXFileReference; fileEncoding = 4; lastKnownFileType = sourcecode.c.objc; path = MurrayNode.m; sourceTree = "<group>"; };
		269369CD1A7803E9009880A9 /* MurrayCell.h */ = {isa = PBXFileReference; fileEncoding = 4; lastKnownFileType = sourcecode.c.h; path = MurrayCell.h; sourceTree = "<group>"; };
		269369CE1A7803E9009880A9 /* MurrayCell.m */ = {isa = PBXFileReference; fileEncoding = 4; lastKnownFileType = sourcecode.c.objc; path = MurrayCell.m; sourceTree = "<group>"; };
		51D875BCC991143140D3214B /* Pods.release.xcconfig */ = {isa = PBXFileReference; includeInIndex = 1; lastKnownFileType = text.xcconfig; name = Pods.release.xcconfig; path = "Pods/Target Support Files/Pods/Pods.release.xcconfig"; sourceTree = "<group>"; };
		79F858505EC67CC9C98F94A9 /* libPods.a */ = {isa = PBXFileReference; explicitFileType = archive.ar; includeInIndex = 0; path = libPods.a; sourceTree = BUILT_PRODUCTS_DIR; };
/* End PBXFileReference section */

/* Begin PBXFrameworksBuildPhase section */
		266DA0191A68BB8E00E4DD89 /* Frameworks */ = {
			isa = PBXFrameworksBuildPhase;
			buildActionMask = 2147483647;
			files = (
				E74C7ED0C0F16A32C7986209 /* libPods.a in Frameworks */,
			);
			runOnlyForDeploymentPostprocessing = 0;
		};
		266DA0321A68BB8F00E4DD89 /* Frameworks */ = {
			isa = PBXFrameworksBuildPhase;
			buildActionMask = 2147483647;
			files = (
			);
			runOnlyForDeploymentPostprocessing = 0;
		};
/* End PBXFrameworksBuildPhase section */

/* Begin PBXGroup section */
		266DA0131A68BB8E00E4DD89 = {
			isa = PBXGroup;
			children = (
				266DA01E1A68BB8F00E4DD89 /* ASDK Demo */,
				266DA0381A68BB8F00E4DD89 /* ASDK DemoTests */,
				266DA01D1A68BB8F00E4DD89 /* Products */,
				C12132702132D72AB6B30046 /* Pods */,
				5A6A01E7A3464AE1BD028A78 /* Frameworks */,
			);
			sourceTree = "<group>";
		};
		266DA01D1A68BB8F00E4DD89 /* Products */ = {
			isa = PBXGroup;
			children = (
				266DA01C1A68BB8F00E4DD89 /* ASDK Demo.app */,
				266DA0351A68BB8F00E4DD89 /* ASDK DemoTests.xctest */,
			);
			name = Products;
			sourceTree = "<group>";
		};
		266DA01E1A68BB8F00E4DD89 /* ASDK Demo */ = {
			isa = PBXGroup;
			children = (
				266DA0231A68BB8F00E4DD89 /* AppDelegate.h */,
				266DA0241A68BB8F00E4DD89 /* AppDelegate.m */,
				266DA0511A68DA4D00E4DD89 /* ASTableViewViewController.h */,
				266DA0521A68DA4D00E4DD89 /* ASTableViewViewController.m */,
				266DA02C1A68BB8F00E4DD89 /* Images.xcassets */,
				266DA02E1A68BB8F00E4DD89 /* LaunchScreen.xib */,
				266DA0291A68BB8F00E4DD89 /* Main.storyboard */,
				266DA0451A68D48600E4DD89 /* MainTableViewController.h */,
				266DA0461A68D48600E4DD89 /* MainTableViewController.m */,
				269369CD1A7803E9009880A9 /* MurrayCell.h */,
				269369CE1A7803E9009880A9 /* MurrayCell.m */,
				269369CA1A77E231009880A9 /* MurrayNode.h */,
				269369CB1A77E231009880A9 /* MurrayNode.m */,
				266DA01F1A68BB8F00E4DD89 /* Supporting Files */,
				266DA04E1A68DA3B00E4DD89 /* UITableViewViewController.h */,
				266DA04F1A68DA3B00E4DD89 /* UITableViewViewController.m */,
			);
			path = "ASDK Demo";
			sourceTree = "<group>";
		};
		266DA01F1A68BB8F00E4DD89 /* Supporting Files */ = {
			isa = PBXGroup;
			children = (
				266DA0201A68BB8F00E4DD89 /* Info.plist */,
				266DA0211A68BB8F00E4DD89 /* main.m */,
			);
			name = "Supporting Files";
			sourceTree = "<group>";
		};
		266DA0381A68BB8F00E4DD89 /* ASDK DemoTests */ = {
			isa = PBXGroup;
			children = (
				266DA03B1A68BB8F00E4DD89 /* ASDK_DemoTests.m */,
				266DA0391A68BB8F00E4DD89 /* Supporting Files */,
			);
			path = "ASDK DemoTests";
			sourceTree = "<group>";
		};
		266DA0391A68BB8F00E4DD89 /* Supporting Files */ = {
			isa = PBXGroup;
			children = (
				266DA03A1A68BB8F00E4DD89 /* Info.plist */,
			);
			name = "Supporting Files";
			sourceTree = "<group>";
		};
		5A6A01E7A3464AE1BD028A78 /* Frameworks */ = {
			isa = PBXGroup;
			children = (
				79F858505EC67CC9C98F94A9 /* libPods.a */,
			);
			name = Frameworks;
			sourceTree = "<group>";
		};
		C12132702132D72AB6B30046 /* Pods */ = {
			isa = PBXGroup;
			children = (
				0DCA701AE939F6E94FBBD30B /* Pods.debug.xcconfig */,
				51D875BCC991143140D3214B /* Pods.release.xcconfig */,
			);
			name = Pods;
			sourceTree = "<group>";
		};
/* End PBXGroup section */

/* Begin PBXNativeTarget section */
		266DA01B1A68BB8E00E4DD89 /* ASDK Demo */ = {
			isa = PBXNativeTarget;
			buildConfigurationList = 266DA03F1A68BB8F00E4DD89 /* Build configuration list for PBXNativeTarget "ASDK Demo" */;
			buildPhases = (
				B4C5E090193B473AB12AD5D9 /* Check Pods Manifest.lock */,
				266DA0181A68BB8E00E4DD89 /* Sources */,
				266DA0191A68BB8E00E4DD89 /* Frameworks */,
				266DA01A1A68BB8E00E4DD89 /* Resources */,
				B3B6D6245153EEC4DC07917A /* Copy Pods Resources */,
			);
			buildRules = (
			);
			dependencies = (
			);
			name = "ASDK Demo";
			productName = "ASDK Demo";
			productReference = 266DA01C1A68BB8F00E4DD89 /* ASDK Demo.app */;
			productType = "com.apple.product-type.application";
		};
		266DA0341A68BB8F00E4DD89 /* ASDK DemoTests */ = {
			isa = PBXNativeTarget;
			buildConfigurationList = 266DA0421A68BB8F00E4DD89 /* Build configuration list for PBXNativeTarget "ASDK DemoTests" */;
			buildPhases = (
				266DA0311A68BB8F00E4DD89 /* Sources */,
				266DA0321A68BB8F00E4DD89 /* Frameworks */,
				266DA0331A68BB8F00E4DD89 /* Resources */,
			);
			buildRules = (
			);
			dependencies = (
				266DA0371A68BB8F00E4DD89 /* PBXTargetDependency */,
			);
			name = "ASDK DemoTests";
			productName = "ASDK DemoTests";
			productReference = 266DA0351A68BB8F00E4DD89 /* ASDK DemoTests.xctest */;
			productType = "com.apple.product-type.bundle.unit-test";
		};
/* End PBXNativeTarget section */

/* Begin PBXProject section */
		266DA0141A68BB8E00E4DD89 /* Project object */ = {
			isa = PBXProject;
			attributes = {
				LastUpgradeCheck = 0610;
				ORGANIZATIONNAME = "Kai Schaller";
				TargetAttributes = {
					266DA01B1A68BB8E00E4DD89 = {
						CreatedOnToolsVersion = 6.1.1;
						DevelopmentTeam = 23WT95637L;
					};
					266DA0341A68BB8F00E4DD89 = {
						CreatedOnToolsVersion = 6.1.1;
						TestTargetID = 266DA01B1A68BB8E00E4DD89;
					};
				};
			};
			buildConfigurationList = 266DA0171A68BB8E00E4DD89 /* Build configuration list for PBXProject "ASDK Demo" */;
			compatibilityVersion = "Xcode 3.2";
			developmentRegion = English;
			hasScannedForEncodings = 0;
			knownRegions = (
				en,
				Base,
			);
			mainGroup = 266DA0131A68BB8E00E4DD89;
			productRefGroup = 266DA01D1A68BB8F00E4DD89 /* Products */;
			projectDirPath = "";
			projectRoot = "";
			targets = (
				266DA01B1A68BB8E00E4DD89 /* ASDK Demo */,
				266DA0341A68BB8F00E4DD89 /* ASDK DemoTests */,
			);
		};
/* End PBXProject section */

/* Begin PBXResourcesBuildPhase section */
		266DA01A1A68BB8E00E4DD89 /* Resources */ = {
			isa = PBXResourcesBuildPhase;
			buildActionMask = 2147483647;
			files = (
				266DA02B1A68BB8F00E4DD89 /* Main.storyboard in Resources */,
				266DA0301A68BB8F00E4DD89 /* LaunchScreen.xib in Resources */,
				266DA02D1A68BB8F00E4DD89 /* Images.xcassets in Resources */,
			);
			runOnlyForDeploymentPostprocessing = 0;
		};
		266DA0331A68BB8F00E4DD89 /* Resources */ = {
			isa = PBXResourcesBuildPhase;
			buildActionMask = 2147483647;
			files = (
			);
			runOnlyForDeploymentPostprocessing = 0;
		};
/* End PBXResourcesBuildPhase section */

/* Begin PBXShellScriptBuildPhase section */
		B3B6D6245153EEC4DC07917A /* Copy Pods Resources */ = {
			isa = PBXShellScriptBuildPhase;
			buildActionMask = 2147483647;
			files = (
			);
			inputPaths = (
			);
			name = "Copy Pods Resources";
			outputPaths = (
			);
			runOnlyForDeploymentPostprocessing = 0;
			shellPath = /bin/sh;
			shellScript = "\"${SRCROOT}/Pods/Target Support Files/Pods/Pods-resources.sh\"\n";
			showEnvVarsInLog = 0;
		};
		B4C5E090193B473AB12AD5D9 /* Check Pods Manifest.lock */ = {
			isa = PBXShellScriptBuildPhase;
			buildActionMask = 2147483647;
			files = (
			);
			inputPaths = (
			);
			name = "Check Pods Manifest.lock";
			outputPaths = (
			);
			runOnlyForDeploymentPostprocessing = 0;
			shellPath = /bin/sh;
			shellScript = "diff \"${PODS_ROOT}/../Podfile.lock\" \"${PODS_ROOT}/Manifest.lock\" > /dev/null\nif [[ $? != 0 ]] ; then\n    cat << EOM\nerror: The sandbox is not in sync with the Podfile.lock. Run 'pod install' or update your CocoaPods installation.\nEOM\n    exit 1\nfi\n";
			showEnvVarsInLog = 0;
		};
/* End PBXShellScriptBuildPhase section */

/* Begin PBXSourcesBuildPhase section */
		266DA0181A68BB8E00E4DD89 /* Sources */ = {
			isa = PBXSourcesBuildPhase;
			buildActionMask = 2147483647;
			files = (
				266DA0251A68BB8F00E4DD89 /* AppDelegate.m in Sources */,
				269369CC1A77E231009880A9 /* MurrayNode.m in Sources */,
				266DA0531A68DA4D00E4DD89 /* ASTableViewViewController.m in Sources */,
				269369CF1A7803E9009880A9 /* MurrayCell.m in Sources */,
				266DA0221A68BB8F00E4DD89 /* main.m in Sources */,
				266DA0501A68DA3B00E4DD89 /* UITableViewViewController.m in Sources */,
				266DA0471A68D48600E4DD89 /* MainTableViewController.m in Sources */,
			);
			runOnlyForDeploymentPostprocessing = 0;
		};
		266DA0311A68BB8F00E4DD89 /* Sources */ = {
			isa = PBXSourcesBuildPhase;
			buildActionMask = 2147483647;
			files = (
				266DA03C1A68BB8F00E4DD89 /* ASDK_DemoTests.m in Sources */,
			);
			runOnlyForDeploymentPostprocessing = 0;
		};
/* End PBXSourcesBuildPhase section */

/* Begin PBXTargetDependency section */
		266DA0371A68BB8F00E4DD89 /* PBXTargetDependency */ = {
			isa = PBXTargetDependency;
			target = 266DA01B1A68BB8E00E4DD89 /* ASDK Demo */;
			targetProxy = 266DA0361A68BB8F00E4DD89 /* PBXContainerItemProxy */;
		};
/* End PBXTargetDependency section */

/* Begin PBXVariantGroup section */
		266DA0291A68BB8F00E4DD89 /* Main.storyboard */ = {
			isa = PBXVariantGroup;
			children = (
				266DA02A1A68BB8F00E4DD89 /* Base */,
			);
			name = Main.storyboard;
			sourceTree = "<group>";
		};
		266DA02E1A68BB8F00E4DD89 /* LaunchScreen.xib */ = {
			isa = PBXVariantGroup;
			children = (
				266DA02F1A68BB8F00E4DD89 /* Base */,
			);
			name = LaunchScreen.xib;
			sourceTree = "<group>";
		};
/* End PBXVariantGroup section */

/* Begin XCBuildConfiguration section */
		266DA03D1A68BB8F00E4DD89 /* Debug */ = {
			isa = XCBuildConfiguration;
			buildSettings = {
				ALWAYS_SEARCH_USER_PATHS = NO;
				CLANG_CXX_LANGUAGE_STANDARD = "gnu++0x";
				CLANG_CXX_LIBRARY = "libc++";
				CLANG_ENABLE_MODULES = YES;
				CLANG_ENABLE_OBJC_ARC = YES;
				CLANG_WARN_BOOL_CONVERSION = YES;
				CLANG_WARN_CONSTANT_CONVERSION = YES;
				CLANG_WARN_DIRECT_OBJC_ISA_USAGE = YES_ERROR;
				CLANG_WARN_EMPTY_BODY = YES;
				CLANG_WARN_ENUM_CONVERSION = YES;
				CLANG_WARN_INT_CONVERSION = YES;
				CLANG_WARN_OBJC_ROOT_CLASS = YES_ERROR;
				CLANG_WARN_UNREACHABLE_CODE = YES;
				CLANG_WARN__DUPLICATE_METHOD_MATCH = YES;
				"CODE_SIGN_IDENTITY[sdk=iphoneos*]" = "iPhone Developer";
				COPY_PHASE_STRIP = NO;
				ENABLE_STRICT_OBJC_MSGSEND = YES;
				GCC_C_LANGUAGE_STANDARD = gnu99;
				GCC_DYNAMIC_NO_PIC = NO;
				GCC_OPTIMIZATION_LEVEL = 0;
				GCC_PREPROCESSOR_DEFINITIONS = (
					"DEBUG=1",
					"$(inherited)",
				);
				GCC_SYMBOLS_PRIVATE_EXTERN = NO;
				GCC_WARN_64_TO_32_BIT_CONVERSION = YES;
				GCC_WARN_ABOUT_RETURN_TYPE = YES_ERROR;
				GCC_WARN_UNDECLARED_SELECTOR = YES;
				GCC_WARN_UNINITIALIZED_AUTOS = YES_AGGRESSIVE;
				GCC_WARN_UNUSED_FUNCTION = YES;
				GCC_WARN_UNUSED_VARIABLE = YES;
				IPHONEOS_DEPLOYMENT_TARGET = 8.1;
				MTL_ENABLE_DEBUG_INFO = YES;
				ONLY_ACTIVE_ARCH = YES;
				SDKROOT = iphoneos;
			};
			name = Debug;
		};
		266DA03E1A68BB8F00E4DD89 /* Release */ = {
			isa = XCBuildConfiguration;
			buildSettings = {
				ALWAYS_SEARCH_USER_PATHS = NO;
				CLANG_CXX_LANGUAGE_STANDARD = "gnu++0x";
				CLANG_CXX_LIBRARY = "libc++";
				CLANG_ENABLE_MODULES = YES;
				CLANG_ENABLE_OBJC_ARC = YES;
				CLANG_WARN_BOOL_CONVERSION = YES;
				CLANG_WARN_CONSTANT_CONVERSION = YES;
				CLANG_WARN_DIRECT_OBJC_ISA_USAGE = YES_ERROR;
				CLANG_WARN_EMPTY_BODY = YES;
				CLANG_WARN_ENUM_CONVERSION = YES;
				CLANG_WARN_INT_CONVERSION = YES;
				CLANG_WARN_OBJC_ROOT_CLASS = YES_ERROR;
				CLANG_WARN_UNREACHABLE_CODE = YES;
				CLANG_WARN__DUPLICATE_METHOD_MATCH = YES;
				"CODE_SIGN_IDENTITY[sdk=iphoneos*]" = "iPhone Developer";
				COPY_PHASE_STRIP = YES;
				ENABLE_NS_ASSERTIONS = NO;
				ENABLE_STRICT_OBJC_MSGSEND = YES;
				GCC_C_LANGUAGE_STANDARD = gnu99;
				GCC_WARN_64_TO_32_BIT_CONVERSION = YES;
				GCC_WARN_ABOUT_RETURN_TYPE = YES_ERROR;
				GCC_WARN_UNDECLARED_SELECTOR = YES;
				GCC_WARN_UNINITIALIZED_AUTOS = YES_AGGRESSIVE;
				GCC_WARN_UNUSED_FUNCTION = YES;
				GCC_WARN_UNUSED_VARIABLE = YES;
				IPHONEOS_DEPLOYMENT_TARGET = 8.1;
				MTL_ENABLE_DEBUG_INFO = NO;
				SDKROOT = iphoneos;
				VALIDATE_PRODUCT = YES;
			};
			name = Release;
		};
		266DA0401A68BB8F00E4DD89 /* Debug */ = {
			isa = XCBuildConfiguration;
			baseConfigurationReference = 0DCA701AE939F6E94FBBD30B /* Pods.debug.xcconfig */;
			buildSettings = {
				ASSETCATALOG_COMPILER_APPICON_NAME = AppIcon;
				CODE_SIGN_IDENTITY = "iPhone Developer";
				"CODE_SIGN_IDENTITY[sdk=iphoneos*]" = "iPhone Developer";
				INFOPLIST_FILE = "ASDK Demo/Info.plist";
				LD_RUNPATH_SEARCH_PATHS = "$(inherited) @executable_path/Frameworks";
				PRODUCT_NAME = "$(TARGET_NAME)";
				PROVISIONING_PROFILE = "";
			};
			name = Debug;
		};
		266DA0411A68BB8F00E4DD89 /* Release */ = {
			isa = XCBuildConfiguration;
			baseConfigurationReference = 51D875BCC991143140D3214B /* Pods.release.xcconfig */;
			buildSettings = {
				ASSETCATALOG_COMPILER_APPICON_NAME = AppIcon;
				CODE_SIGN_IDENTITY = "iPhone Developer";
				"CODE_SIGN_IDENTITY[sdk=iphoneos*]" = "iPhone Developer";
				INFOPLIST_FILE = "ASDK Demo/Info.plist";
				LD_RUNPATH_SEARCH_PATHS = "$(inherited) @executable_path/Frameworks";
				PRODUCT_NAME = "$(TARGET_NAME)";
				PROVISIONING_PROFILE = "";
			};
			name = Release;
		};
		266DA0431A68BB8F00E4DD89 /* Debug */ = {
			isa = XCBuildConfiguration;
			buildSettings = {
				BUNDLE_LOADER = "$(TEST_HOST)";
				FRAMEWORK_SEARCH_PATHS = (
					"$(SDKROOT)/Developer/Library/Frameworks",
					"$(inherited)",
				);
				GCC_PREPROCESSOR_DEFINITIONS = (
					"DEBUG=1",
					"$(inherited)",
				);
				INFOPLIST_FILE = "ASDK DemoTests/Info.plist";
				LD_RUNPATH_SEARCH_PATHS = "$(inherited) @executable_path/Frameworks @loader_path/Frameworks";
				PRODUCT_NAME = "$(TARGET_NAME)";
				TEST_HOST = "$(BUILT_PRODUCTS_DIR)/ASDK Demo.app/ASDK Demo";
			};
			name = Debug;
		};
		266DA0441A68BB8F00E4DD89 /* Release */ = {
			isa = XCBuildConfiguration;
			buildSettings = {
				BUNDLE_LOADER = "$(TEST_HOST)";
				FRAMEWORK_SEARCH_PATHS = (
					"$(SDKROOT)/Developer/Library/Frameworks",
					"$(inherited)",
				);
				INFOPLIST_FILE = "ASDK DemoTests/Info.plist";
				LD_RUNPATH_SEARCH_PATHS = "$(inherited) @executable_path/Frameworks @loader_path/Frameworks";
				PRODUCT_NAME = "$(TARGET_NAME)";
				TEST_HOST = "$(BUILT_PRODUCTS_DIR)/ASDK Demo.app/ASDK Demo";
			};
			name = Release;
		};
/* End XCBuildConfiguration section */

/* Begin XCConfigurationList section */
		266DA0171A68BB8E00E4DD89 /* Build configuration list for PBXProject "ASDK Demo" */ = {
			isa = XCConfigurationList;
			buildConfigurations = (
				266DA03D1A68BB8F00E4DD89 /* Debug */,
				266DA03E1A68BB8F00E4DD89 /* Release */,
			);
			defaultConfigurationIsVisible = 0;
			defaultConfigurationName = Release;
		};
		266DA03F1A68BB8F00E4DD89 /* Build configuration list for PBXNativeTarget "ASDK Demo" */ = {
			isa = XCConfigurationList;
			buildConfigurations = (
				266DA0401A68BB8F00E4DD89 /* Debug */,
				266DA0411A68BB8F00E4DD89 /* Release */,
			);
			defaultConfigurationIsVisible = 0;
			defaultConfigurationName = Release;
		};
		266DA0421A68BB8F00E4DD89 /* Build configuration list for PBXNativeTarget "ASDK DemoTests" */ = {
			isa = XCConfigurationList;
			buildConfigurations = (
				266DA0431A68BB8F00E4DD89 /* Debug */,
				266DA0441A68BB8F00E4DD89 /* Release */,
			);
			defaultConfigurationIsVisible = 0;
			defaultConfigurationName = Release;
		};
/* End XCConfigurationList section */
	};
	rootObject = 266DA0141A68BB8E00E4DD89 /* Project object */;
}
